{
    "_readme": [
        "This file locks the dependencies of your project to a known state",
        "Read more about it at https://getcomposer.org/doc/01-basic-usage.md#installing-dependencies",
        "This file is @generated automatically"
    ],
    "content-hash": "c3781dfa02572fa6b19914cd732d122a",
    "packages": [
        {
            "name": "leafs/anchor",
            "version": "v1.2.1",
            "source": {
                "type": "git",
                "url": "https://github.com/leafsphp/anchor.git",
                "reference": "3ea546866a2f658fc3afdb4240ed949f0e2b07c2"
            },
            "dist": {
                "type": "zip",
                "url": "https://api.github.com/repos/leafsphp/anchor/zipball/3ea546866a2f658fc3afdb4240ed949f0e2b07c2",
                "reference": "3ea546866a2f658fc3afdb4240ed949f0e2b07c2",
                "shasum": ""
            },
            "require-dev": {
                "pestphp/pest": "^1.21"
            },
            "type": "library",
            "autoload": {
                "psr-4": {
                    "Leaf\\": "src"
                }
            },
            "notification-url": "https://packagist.org/downloads/",
            "license": [
                "MIT"
            ],
            "authors": [
                {
                    "name": "Michael Darko",
                    "email": "mickdd22@gmail.com",
                    "homepage": "https://mychi.netlify.app",
                    "role": "Developer"
                }
            ],
            "description": "Leaf PHP util module",
            "homepage": "https://leafphp.netlify.app/#/",
            "keywords": [
                "framework",
                "leaf",
                "php",
                "util"
            ],
            "support": {
                "issues": "https://github.com/leafsphp/anchor/issues",
                "source": "https://github.com/leafsphp/anchor/tree/v1.2.1"
            },
            "funding": [
                {
                    "url": "https://github.com/leafsphp",
                    "type": "github"
                },
                {
                    "url": "https://opencollective.com/leaf",
                    "type": "open_collective"
                }
            ],
            "time": "2022-01-22T14:14:28+00:00"
        },
        {
            "name": "leafs/auth",
            "version": "v2.1.4",
            "source": {
                "type": "git",
                "url": "https://github.com/leafsphp/auth.git",
                "reference": "db5be70d2b2176ba063cd18a752706310437a275"
            },
            "dist": {
                "type": "zip",
                "url": "https://api.github.com/repos/leafsphp/auth/zipball/db5be70d2b2176ba063cd18a752706310437a275",
                "reference": "db5be70d2b2176ba063cd18a752706310437a275",
                "shasum": ""
            },
            "require": {
                "leafs/date": "*",
                "leafs/db": "^2.0",
                "leafs/form": "*",
                "leafs/http": "*",
                "leafs/password": "*",
                "leafs/session": "*"
            },
            "type": "library",
            "autoload": {
                "files": [
                    "src/functions.php"
                ],
                "psr-4": {
                    "Leaf\\": "src"
                }
            },
            "notification-url": "https://packagist.org/downloads/",
            "license": [
                "MIT"
            ],
            "authors": [
                {
                    "name": "Michael Darko",
                    "email": "mickdd22@gmail.com",
                    "homepage": "https://mychi.netlify.app",
                    "role": "Developer"
                }
            ],
            "description": "Leaf PHP auth helper",
            "homepage": "https://leafphp.netlify.app/#/",
            "keywords": [
                "Authentication",
                "framework",
                "leaf",
                "login",
                "php",
                "register",
                "simple auth"
            ],
            "support": {
                "issues": "https://github.com/leafsphp/auth/issues",
                "source": "https://github.com/leafsphp/auth/tree/v2.1.4"
            },
            "funding": [
                {
                    "url": "https://github.com/leafsphp",
                    "type": "github"
                },
                {
                    "url": "https://opencollective.com/leaf",
                    "type": "open_collective"
                }
            ],
            "time": "2022-05-29T23:12:20+00:00"
        },
        {
            "name": "leafs/date",
            "version": "v1.0",
            "source": {
                "type": "git",
                "url": "https://github.com/leafsphp/date.git",
                "reference": "0f92b91a82263eb10cc7716a4acfb680161761ee"
            },
            "dist": {
                "type": "zip",
                "url": "https://api.github.com/repos/leafsphp/date/zipball/0f92b91a82263eb10cc7716a4acfb680161761ee",
                "reference": "0f92b91a82263eb10cc7716a4acfb680161761ee",
                "shasum": ""
            },
            "type": "library",
            "autoload": {
                "psr-4": {
                    "Leaf\\": "src"
                }
            },
            "notification-url": "https://packagist.org/downloads/",
            "license": [
                "MIT"
            ],
            "authors": [
                {
                    "name": "Michael Darko",
                    "email": "mickdd22@gmail.com",
                    "homepage": "https://mychi.netlify.app",
                    "role": "Developer"
                }
            ],
            "description": "Leaf PHP date module",
            "homepage": "https://leafphp.netlify.app/#/",
            "keywords": [
                "date",
                "datetime",
                "framework",
                "leaf",
                "php",
                "time"
            ],
            "support": {
                "issues": "https://github.com/leafsphp/date/issues",
                "source": "https://github.com/leafsphp/date/tree/v1.0"
            },
            "funding": [
                {
                    "url": "https://opencollective.com/leaf",
                    "type": "open_collective"
                }
            ],
            "time": "2021-09-20T20:21:01+00:00"
        },
        {
            "name": "leafs/db",
            "version": "v2.0.2",
            "source": {
                "type": "git",
                "url": "https://github.com/leafsphp/db.git",
                "reference": "7fb2aa179c7021be47e60201ad06d70608a04761"
            },
            "dist": {
                "type": "zip",
                "url": "https://api.github.com/repos/leafsphp/db/zipball/7fb2aa179c7021be47e60201ad06d70608a04761",
                "reference": "7fb2aa179c7021be47e60201ad06d70608a04761",
                "shasum": ""
            },
            "require": {
                "ext-mysqli": "*"
            },
            "require-dev": {
                "pestphp/pest": "^1.21"
            },
            "type": "library",
            "autoload": {
                "files": [
                    "src/functions.php"
                ],
                "psr-4": {
                    "Leaf\\": "src"
                }
            },
            "notification-url": "https://packagist.org/downloads/",
            "license": [
                "MIT"
            ],
            "authors": [
                {
                    "name": "Michael Darko",
                    "email": "mickdd22@gmail.com",
                    "homepage": "https://mychi.netlify.app",
                    "role": "Developer"
                }
            ],
            "description": "Leaf PHP db module.",
            "homepage": "https://leafphp.netlify.app/#/",
            "keywords": [
                "database",
                "framework",
                "leaf",
                "orm",
                "php"
            ],
            "support": {
                "issues": "https://github.com/leafsphp/db/issues",
                "source": "https://github.com/leafsphp/db/tree/v2.0.2"
            },
            "funding": [
                {
                    "url": "https://github.com/leafsphp",
                    "type": "github"
                },
                {
                    "url": "https://opencollective.com/leaf",
                    "type": "open_collective"
                }
            ],
            "time": "2022-05-29T23:01:32+00:00"
        },
        {
            "name": "leafs/exception",
            "version": "v3.0",
            "source": {
                "type": "git",
                "url": "https://github.com/leafsphp/exceptions.git",
                "reference": "9f9728a7cbd01c1a51697dc8272a621856436f6b"
            },
            "dist": {
                "type": "zip",
                "url": "https://api.github.com/repos/leafsphp/exceptions/zipball/9f9728a7cbd01c1a51697dc8272a621856436f6b",
                "reference": "9f9728a7cbd01c1a51697dc8272a621856436f6b",
                "shasum": ""
            },
            "require": {
                "php": "^5.5.9 || ^7.0 || ^8.0",
                "psr/log": "^1.0.1 || ^2.0 || ^3.0"
            },
            "require-dev": {
                "mockery/mockery": "^0.9 || ^1.0",
                "phpunit/phpunit": "^4.8.36 || ^5.7.27 || ^6.5.14 || ^7.5.20 || ^8.5.8 || ^9.3.3",
                "symfony/var-dumper": "^2.6 || ^3.0 || ^4.0 || ^5.0"
            },
            "suggest": {
                "symfony/var-dumper": "Pretty print complex values better with var-dumper available",
                "whoops/soap": "Formats errors as SOAP responses"
            },
            "type": "library",
            "autoload": {
                "psr-4": {
                    "Leaf\\": "src"
                }
            },
            "notification-url": "https://packagist.org/downloads/",
            "license": [
                "MIT"
            ],
            "authors": [
                {
                    "name": "Filipe Dobreira",
                    "homepage": "https://github.com/filp",
                    "role": "Developer"
                },
                {
                    "name": "Michael Darko",
                    "email": "mickdd22@gmail.com",
                    "homepage": "https://mychi.netlify.app",
                    "role": "Developer"
                }
            ],
            "description": "Error handler for leaf (fork of whoops)",
            "homepage": "https://github.com/leafsphp/exception",
            "keywords": [
                "error",
                "exception",
                "handling",
                "library",
                "throwable",
                "whoops"
            ],
            "support": {
                "source": "https://github.com/leafsphp/exceptions/tree/v3.0"
            },
            "funding": [
                {
                    "url": "https://github.com/denis-sokolov",
                    "type": "github"
                }
            ],
            "time": "2022-01-27T22:02:45+00:00"
        },
        {
            "name": "leafs/form",
            "version": "v1.2.1",
            "source": {
                "type": "git",
                "url": "https://github.com/leafsphp/form.git",
                "reference": "9fb38487817dcb6d0987e4c31930b286abfd0563"
            },
            "dist": {
                "type": "zip",
                "url": "https://api.github.com/repos/leafsphp/form/zipball/9fb38487817dcb6d0987e4c31930b286abfd0563",
                "reference": "9fb38487817dcb6d0987e4c31930b286abfd0563",
                "shasum": ""
            },
            "require": {
                "leafs/http": "*"
            },
            "type": "library",
            "autoload": {
                "files": [
                    "src/functions.php"
                ],
                "psr-4": {
                    "Leaf\\": "src"
                }
            },
            "notification-url": "https://packagist.org/downloads/",
            "license": [
                "MIT"
            ],
            "authors": [
                {
                    "name": "Michael Darko",
                    "email": "mickdd22@gmail.com",
                    "homepage": "https://mychi.netlify.app",
                    "role": "Developer"
                }
            ],
            "description": "Leaf PHP form module",
            "homepage": "https://leafphp.netlify.app/#/",
            "keywords": [
                "form",
                "framework",
                "leaf",
                "php",
                "validation"
            ],
            "support": {
                "issues": "https://github.com/leafsphp/form/issues",
                "source": "https://github.com/leafsphp/form/tree/v1.2.1"
            },
            "funding": [
                {
                    "url": "https://github.com/leafsphp",
                    "type": "github"
                },
                {
                    "url": "https://opencollective.com/leaf",
                    "type": "open_collective"
                }
            ],
            "time": "2022-07-16T14:27:36+00:00"
        },
        {
            "name": "leafs/http",
            "version": "v2.0",
            "source": {
                "type": "git",
                "url": "https://github.com/leafsphp/http.git",
                "reference": "6afa66e799b48e55eaaf43642f3b5478def8b446"
            },
            "dist": {
                "type": "zip",
                "url": "https://api.github.com/repos/leafsphp/http/zipball/6afa66e799b48e55eaaf43642f3b5478def8b446",
                "reference": "6afa66e799b48e55eaaf43642f3b5478def8b446",
                "shasum": ""
            },
            "require": {
                "leafs/anchor": "^1.0"
            },
            "type": "library",
            "autoload": {
                "files": [
                    "src/functions.php"
                ],
                "psr-4": {
                    "Leaf\\Http\\": "src"
                }
            },
            "notification-url": "https://packagist.org/downloads/",
            "license": [
                "MIT"
            ],
            "authors": [
                {
                    "name": "Michael Darko",
                    "email": "mickdd22@gmail.com",
                    "homepage": "https://mychi.netlify.app",
                    "role": "Developer"
                }
            ],
            "description": "Leaf PHP HTTP module.",
            "homepage": "https://leafphp.netlify.app/#/",
            "keywords": [
                "framework",
                "headers",
                "http",
                "leaf",
                "php",
                "request",
                "response"
            ],
            "support": {
                "issues": "https://github.com/leafsphp/http/issues",
                "source": "https://github.com/leafsphp/http/tree/v2.0"
            },
            "funding": [
                {
                    "url": "https://github.com/leafsphp",
                    "type": "github"
                },
                {
                    "url": "https://opencollective.com/leaf",
                    "type": "open_collective"
                }
            ],
            "time": "2022-05-29T10:34:06+00:00"
        },
        {
            "name": "leafs/leaf",
            "version": "v3.0.1",
            "source": {
                "type": "git",
                "url": "https://github.com/leafsphp/leaf.git",
                "reference": "ce7ce8bd720b5f9634bc622899122ee693c7ec3b"
            },
            "dist": {
                "type": "zip",
                "url": "https://api.github.com/repos/leafsphp/leaf/zipball/ce7ce8bd720b5f9634bc622899122ee693c7ec3b",
                "reference": "ce7ce8bd720b5f9634bc622899122ee693c7ec3b",
                "shasum": ""
            },
            "require": {
                "leafs/anchor": "^1.2",
                "leafs/exception": "^3.0",
                "leafs/http": "^2.0",
                "leafs/router": "^0.1.6"
            },
            "require-dev": {
                "friendsofphp/php-cs-fixer": "^3.0",
                "pestphp/pest": "^1.21"
            },
            "type": "library",
            "autoload": {
                "files": [
                    "src/functions.php"
                ],
                "psr-4": {
                    "Leaf\\": "src"
                }
            },
            "notification-url": "https://packagist.org/downloads/",
            "license": [
                "MIT"
            ],
            "authors": [
                {
                    "name": "Michael Darko",
                    "email": "mickdd22@gmail.com",
                    "homepage": "https://mychi.netlify.app",
                    "role": "Developer"
                }
            ],
            "description": "Simple, performant and powerful PHP micro-framework for rapid web app & API development",
            "homepage": "https://leafphp.dev",
            "keywords": [
                "framework",
                "leaf",
                "microframework",
                "php",
                "rest",
                "router"
            ],
            "support": {
                "issues": "https://github.com/leafsphp/leaf/issues",
                "source": "https://github.com/leafsphp/leaf/tree/v3.0.1"
            },
            "funding": [
                {
                    "url": "https://github.com/leafsphp",
                    "type": "github"
                },
                {
                    "url": "https://opencollective.com/leaf",
                    "type": "open_collective"
                }
            ],
            "time": "2022-05-29T19:32:50+00:00"
        },
        {
            "name": "leafs/password",
            "version": "v1.0",
            "source": {
                "type": "git",
                "url": "https://github.com/leafsphp/password.git",
                "reference": "f720c3b18c6c6efeaeb67d1cfad336febd4c7f94"
            },
            "dist": {
                "type": "zip",
                "url": "https://api.github.com/repos/leafsphp/password/zipball/f720c3b18c6c6efeaeb67d1cfad336febd4c7f94",
                "reference": "f720c3b18c6c6efeaeb67d1cfad336febd4c7f94",
                "shasum": ""
            },
            "type": "library",
            "autoload": {
                "psr-4": {
                    "Leaf\\Helpers\\": "src"
                }
            },
            "notification-url": "https://packagist.org/downloads/",
            "license": [
                "MIT"
            ],
            "authors": [
                {
                    "name": "Michael Darko",
                    "email": "mickdd22@gmail.com",
                    "homepage": "https://mychi.netlify.app",
                    "role": "Developer"
                }
            ],
            "description": "Leaf PHP password helper",
            "homepage": "https://leafphp.netlify.app/#/",
            "keywords": [
                "framework",
                "leaf",
                "php",
                "simple templating",
                "template",
                "view"
            ],
            "support": {
                "issues": "https://github.com/leafsphp/password/issues",
                "source": "https://github.com/leafsphp/password/tree/v1.0"
            },
            "funding": [
                {
                    "url": "https://opencollective.com/leaf",
                    "type": "open_collective"
                }
            ],
            "time": "2021-09-19T12:27:19+00:00"
        },
        {
            "name": "leafs/router",
            "version": "v0.1.6",
            "source": {
                "type": "git",
                "url": "https://github.com/leafsphp/router.git",
                "reference": "aef869ee450c3c6688c23c439667b62ca64304ef"
            },
            "dist": {
                "type": "zip",
                "url": "https://api.github.com/repos/leafsphp/router/zipball/aef869ee450c3c6688c23c439667b62ca64304ef",
                "reference": "aef869ee450c3c6688c23c439667b62ca64304ef",
                "shasum": ""
            },
            "require": {
                "leafs/http": "*"
            },
            "require-dev": {
                "pestphp/pest": "^1.21"
            },
            "type": "library",
            "autoload": {
                "psr-4": {
                    "Leaf\\": "src"
                }
            },
            "notification-url": "https://packagist.org/downloads/",
            "license": [
                "MIT"
            ],
            "authors": [
                {
                    "name": "Michael Darko",
                    "email": "mickdd22@gmail.com",
                    "homepage": "https://mychi.netlify.app",
                    "role": "Developer"
                }
            ],
            "description": "Leaf router module for Leaf PHP.",
            "homepage": "https://leafphp.netlify.app/#/modules/router",
            "keywords": [
                "framework",
                "leaf",
                "php",
                "rest",
                "router"
            ],
            "support": {
                "issues": "https://github.com/leafsphp/router/issues",
                "source": "https://github.com/leafsphp/router/tree/v0.1.6"
            },
            "funding": [
                {
                    "url": "https://github.com/leafsphp",
                    "type": "github"
                },
                {
                    "url": "https://opencollective.com/leaf",
                    "type": "open_collective"
                }
            ],
            "time": "2022-05-29T18:53:43+00:00"
        },
        {
            "name": "leafs/session",
            "version": "v1.1.0",
            "source": {
                "type": "git",
                "url": "https://github.com/leafsphp/session.git",
                "reference": "34ffdcac2d59ec721840f2e46d6fed3dccfe7e24"
            },
            "dist": {
                "type": "zip",
                "url": "https://api.github.com/repos/leafsphp/session/zipball/34ffdcac2d59ec721840f2e46d6fed3dccfe7e24",
                "reference": "34ffdcac2d59ec721840f2e46d6fed3dccfe7e24",
                "shasum": ""
            },
            "require": {
                "leafs/anchor": "^1.2.1"
            },
            "type": "library",
            "autoload": {
                "files": [
                    "src/functions.php"
                ],
                "psr-4": {
                    "Leaf\\": "src"
                }
            },
            "notification-url": "https://packagist.org/downloads/",
            "license": [
                "MIT"
            ],
            "authors": [
                {
                    "name": "Michael Darko",
                    "email": "mickdd22@gmail.com",
                    "homepage": "https://mychi.netlify.app",
                    "role": "Developer"
                }
            ],
            "description": "Leaf PHP session + flash modules",
            "homepage": "https://leafphp.netlify.app/#/",
            "keywords": [
                "flash",
                "framework",
                "http",
                "leaf",
                "php",
                "session"
            ],
            "support": {
                "issues": "https://github.com/leafsphp/session/issues",
                "source": "https://github.com/leafsphp/session/tree/v1.1.0"
            },
            "funding": [
                {
                    "url": "https://github.com/leafsphp",
                    "type": "github"
                },
                {
                    "url": "https://opencollective.com/leaf",
                    "type": "open_collective"
                }
            ],
            "time": "2022-01-22T14:45:22+00:00"
        },
        {
            "name": "psr/log",
            "version": "1.1.4",
            "source": {
                "type": "git",
                "url": "https://github.com/php-fig/log.git",
                "reference": "d49695b909c3b7628b6289db5479a1c204601f11"
            },
            "dist": {
                "type": "zip",
                "url": "https://api.github.com/repos/php-fig/log/zipball/d49695b909c3b7628b6289db5479a1c204601f11",
                "reference": "d49695b909c3b7628b6289db5479a1c204601f11",
                "shasum": ""
            },
            "require": {
                "php": ">=5.3.0"
            },
            "type": "library",
            "extra": {
                "branch-alias": {
                    "dev-master": "1.1.x-dev"
                }
            },
            "autoload": {
                "psr-4": {
                    "Psr\\Log\\": "Psr/Log/"
                }
            },
            "notification-url": "https://packagist.org/downloads/",
            "license": [
                "MIT"
            ],
            "authors": [
                {
                    "name": "PHP-FIG",
                    "homepage": "https://www.php-fig.org/"
                }
            ],
            "description": "Common interface for logging libraries",
            "homepage": "https://github.com/php-fig/log",
            "keywords": [
                "log",
                "psr",
                "psr-3"
            ],
            "support": {
                "source": "https://github.com/php-fig/log/tree/1.1.4"
            },
            "time": "2021-05-03T11:20:27+00:00"
        }
    ],
    "packages-dev": [],
    "aliases": [],
    "minimum-stability": "stable",
    "stability-flags": [],
    "prefer-stable": false,
    "prefer-lowest": false,
    "platform": [],
    "platform-dev": [],
    "plugin-api-version": "2.1.0"
}
